{
    "_readme": [
        "This file locks the dependencies of your project to a known state",
        "Read more about it at https://getcomposer.org/doc/01-basic-usage.md#installing-dependencies",
        "This file is @generated automatically"
    ],
    "content-hash": "25060d89d2f2f5b7d44b443a26195673",
    "packages": [
        {
            "name": "badluck/badrouter",
            "version": "v0.4.4",
            "source": {
                "type": "git",
                "url": "https://github.com/BadLuckSoftware/BadRouter.git",
                "reference": "062ee4034ce19ea31fa45b554d505d5ee97a277b"
            },
            "dist": {
                "type": "zip",
                "url": "https://api.github.com/repos/BadLuckSoftware/BadRouter/zipball/062ee4034ce19ea31fa45b554d505d5ee97a277b",
                "reference": "062ee4034ce19ea31fa45b554d505d5ee97a277b",
                "shasum": ""
            },
            "require": {
                "php": ">=7.4.33"
            },
            "type": "library",
            "autoload": {
                "psr-4": {
                    "BadRouter\\": "src/"
                }
            },
            "notification-url": "https://packagist.org/downloads/",
            "license": [
                "MIT"
            ],
            "authors": [
                {
                    "name": "Auios",
                    "email": "auios@badluck.io"
                }
            ],
            "description": "A simple Sinatra inspired router class for PHP",
            "keywords": [
                "auios",
                "badluck",
                "middleware",
                "router",
                "routing",
                "sinatra",
                "website"
            ],
            "support": {
                "issues": "https://github.com/BadLuckSoftware/BadRouter/issues",
                "source": "https://github.com/BadLuckSoftware/BadRouter/tree/v0.4.4"
            },
            "time": "2023-05-03T18:45:48+00:00"
        }
    ],
    "packages-dev": [],
    "aliases": [],
    "minimum-stability": "stable",
    "stability-flags": [],
    "prefer-stable": false,
    "prefer-lowest": false,
    "platform": [],
    "platform-dev": [],
    "plugin-api-version": "2.3.0"
}
